
Microsoft Visual Studio Solution File, Format Version 12.00
# Visual Studio Version 17
VisualStudioVersion = 17.5.33502.453
MinimumVisualStudioVersion = 10.0.40219.1
Project("{8BC9CEB8-8B4A-11D0-8D11-00A0C91BC942}") = "problemMultiwaris", "problemMultiwaris\problemMultiwaris.vcxproj", "{33B7A570-1FFC-49CF-A74A-374E3270CE90}"
EndProject
Project("{8BC9CEB8-8B4A-11D0-8D11-00A0C91BC942}") = "solveMultiwaris", "solveMultiwaris\solveMultiwaris.vcxproj", "{42BC545C-3AB5-4C2F-8BC9-BEE5940CBBFF}"
EndProject
Project("{8BC9CEB8-8B4A-11D0-8D11-00A0C91BC942}") = "Polymorphism", "Polymorphism\Polymorphism.vcxproj", "{0BFA2BB3-18D0-4173-AA97-3DC8EEEAB714}"
EndProject
Project("{8BC9CEB8-8B4A-11D0-8D11-00A0C91BC942}") = "program_noOverriding", "program_noOverriding\program_noOverriding.vcxproj", "{9E160902-97A9-47B6-936F-76DDB28E4BF1}"
EndProject
Global
	GlobalSection(SolutionConfigurationPlatforms) = preSolution
		Debug|x64 = Debug|x64
		Debug|x86 = Debug|x86
		Release|x64 = Release|x64
		Release|x86 = Release|x86
	EndGlobalSection
	GlobalSection(ProjectConfigurationPlatforms) = postSolution
		{33B7A570-1FFC-49CF-A74A-374E3270CE90}.Debug|x64.ActiveCfg = Debug|x64
		{33B7A570-1FFC-49CF-A74A-374E3270CE90}.Debug|x64.Build.0 = Debug|x64
		{33B7A570-1FFC-49CF-A74A-374E3270CE90}.Debug|x86.ActiveCfg = Debug|Win32
		{33B7A570-1FFC-49CF-A74A-374E3270CE90}.Debug|x86.Build.0 = Debug|Win32
		{33B7A570-1FFC-49CF-A74A-374E3270CE90}.Release|x64.ActiveCfg = Release|x64
		{33B7A570-1FFC-49CF-A74A-374E3270CE90}.Release|x64.Build.0 = Release|x64
		{33B7A570-1FFC-49CF-A74A-374E3270CE90}.Release|x86.ActiveCfg = Release|Win32
		{33B7A570-1FFC-49CF-A74A-374E3270CE90}.Release|x86.Build.0 = Release|Win32
		{42BC545C-3AB5-4C2F-8BC9-BEE5940CBBFF}.Debug|x64.ActiveCfg = Debug|x64
		{42BC545C-3AB5-4C2F-8BC9-BEE5940CBBFF}.Debug|x64.Build.0 = Debug|x64
		{42BC545C-3AB5-4C2F-8BC9-BEE5940CBBFF}.Debug|x86.ActiveCfg = Debug|Win32
		{42BC545C-3AB5-4C2F-8BC9-BEE5940CBBFF}.Debug|x86.Build.0 = Debug|Win32
		{42BC545C-3AB5-4C2F-8BC9-BEE5940CBBFF}.Release|x64.ActiveCfg = Release|x64
		{42BC545C-3AB5-4C2F-8BC9-BEE5940CBBFF}.Release|x64.Build.0 = Release|x64
		{42BC545C-3AB5-4C2F-8BC9-BEE5940CBBFF}.Release|x86.ActiveCfg = Release|Win32
		{42BC545C-3AB5-4C2F-8BC9-BEE5940CBBFF}.Release|x86.Build.0 = Release|Win32
		{0BFA2BB3-18D0-4173-AA97-3DC8EEEAB714}.Debug|x64.ActiveCfg = Debug|x64
		{0BFA2BB3-18D0-4173-AA97-3DC8EEEAB714}.Debug|x64.Build.0 = Debug|x64
		{0BFA2BB3-18D0-4173-AA97-3DC8EEEAB714}.Debug|x86.ActiveCfg = Debug|Win32
		{0BFA2BB3-18D0-4173-AA97-3DC8EEEAB714}.Debug|x86.Build.0 = Debug|Win32
		{0BFA2BB3-18D0-4173-AA97-3DC8EEEAB714}.Release|x64.ActiveCfg = Release|x64
		{0BFA2BB3-18D0-4173-AA97-3DC8EEEAB714}.Release|x64.Build.0 = Release|x64
		{0BFA2BB3-18D0-4173-AA97-3DC8EEEAB714}.Release|x86.ActiveCfg = Release|Win32
		{0BFA2BB3-18D0-4173-AA97-3DC8EEEAB714}.Release|x86.Build.0 = Release|Win32
		{9E160902-97A9-47B6-936F-76DDB28E4BF1}.Debug|x64.ActiveCfg = Debug|x64
		{9E160902-97A9-47B6-936F-76DDB28E4BF1}.Debug|x64.Build.0 = Debug|x64
		{9E160902-97A9-47B6-936F-76DDB28E4BF1}.Debug|x86.ActiveCfg = Debug|Win32
		{9E160902-97A9-47B6-936F-76DDB28E4BF1}.Debug|x86.Build.0 = Debug|Win32
		{9E160902-97A9-47B6-936F-76DDB28E4BF1}.Release|x64.ActiveCfg = Release|x64
		{9E160902-97A9-47B6-936F-76DDB28E4BF1}.Release|x64.Build.0 = Release|x64
		{9E160902-97A9-47B6-936F-76DDB28E4BF1}.Release|x86.ActiveCfg = Release|Win32
		{9E160902-97A9-47B6-936F-76DDB28E4BF1}.Release|x86.Build.0 = Release|Win32
	EndGlobalSection
	GlobalSection(SolutionProperties) = preSolution
		HideSolutionNode = FALSE
	EndGlobalSection
	GlobalSection(ExtensibilityGlobals) = postSolution
		SolutionGuid = {96D068DC-C860-4382-B1DE-ECFEDA720C3B}
	EndGlobalSection
EndGlobal
